// !$*UTF8*$!
{
	archiveVersion = 1;
	classes = {
	};
	objectVersion = 50;
	objects = {

/* Begin PBXBuildFile section */
		A51C83B626794A9700CB8CCF /* TypeData.swift in Sources */ = {isa = PBXBuildFile; fileRef = A51C83B526794A9700CB8CCF /* TypeData.swift */; };
		A51CB11A2679A04D00151D1D /* TypeChartItems.swift in Sources */ = {isa = PBXBuildFile; fileRef = A51CB1192679A04D00151D1D /* TypeChartItems.swift */; };
		A51CB11C267A608A00151D1D /* Abilities.json in Resources */ = {isa = PBXBuildFile; fileRef = A51CB11B267A608A00151D1D /* Abilities.json */; };
		A51CB11F267A609700151D1D /* Items.json in Resources */ = {isa = PBXBuildFile; fileRef = A51CB11D267A609600151D1D /* Items.json */; };
		A51CB120267A609700151D1D /* Locations.json in Resources */ = {isa = PBXBuildFile; fileRef = A51CB11E267A609700151D1D /* Locations.json */; };
		A51CB122267A8BCD00151D1D /* Locations.swift in Sources */ = {isa = PBXBuildFile; fileRef = A51CB121267A8BCD00151D1D /* Locations.swift */; };
		A5293D9F2676F6F9003426CE /* PokedexListItemView.swift in Sources */ = {isa = PBXBuildFile; fileRef = A5293D9E2676F6F9003426CE /* PokedexListItemView.swift */; };
		A5293DA1267848DC003426CE /* TypeChart.json in Resources */ = {isa = PBXBuildFile; fileRef = A5293DA0267848DC003426CE /* TypeChart.json */; };
		A52F637B267D2E1400DC64CF /* Items.swift in Sources */ = {isa = PBXBuildFile; fileRef = A52F637A267D2E1300DC64CF /* Items.swift */; };
		A52F637D267D442A00DC64CF /* ItemView.swift in Sources */ = {isa = PBXBuildFile; fileRef = A52F637C267D442A00DC64CF /* ItemView.swift */; };
		A52F637F267D48A200DC64CF /* Abilities.swift in Sources */ = {isa = PBXBuildFile; fileRef = A52F637E267D48A200DC64CF /* Abilities.swift */; };
		A5352793266ADD5100C14203 /* MovieItemView.swift in Sources */ = {isa = PBXBuildFile; fileRef = A5352792266ADD5100C14203 /* MovieItemView.swift */; };
		A5352795266ADE5300C14203 /* Movies.json in Resources */ = {isa = PBXBuildFile; fileRef = A5352794266ADE5300C14203 /* Movies.json */; };
		A5352797266B04B300C14203 /* Movies.swift in Sources */ = {isa = PBXBuildFile; fileRef = A5352796266B04B300C14203 /* Movies.swift */; };
		A5352799266B0EF500C14203 /* MovieDetailView.swift in Sources */ = {isa = PBXBuildFile; fileRef = A5352798266B0EF500C14203 /* MovieDetailView.swift */; };
		A53631FF267E81430010486B /* PokemonUnite.json in Resources */ = {isa = PBXBuildFile; fileRef = A53631FE267E81430010486B /* PokemonUnite.json */; };
		A542F7BB2665635C00F7821D /* News.swift in Sources */ = {isa = PBXBuildFile; fileRef = A542F7BA2665635C00F7821D /* News.swift */; };
		A54A397B2666ABD8008A894A /* PokedexFilter.swift in Sources */ = {isa = PBXBuildFile; fileRef = A54A397A2666ABD8008A894A /* PokedexFilter.swift */; };
		A54C573526582D980031DF26 /* MenuButtonView.swift in Sources */ = {isa = PBXBuildFile; fileRef = A54C573426582D980031DF26 /* MenuButtonView.swift */; };
		A54C573C265861670031DF26 /* PokedexListView.swift in Sources */ = {isa = PBXBuildFile; fileRef = A54C573B265861670031DF26 /* PokedexListView.swift */; };
		A54C573F265867F10031DF26 /* MovieListView.swift in Sources */ = {isa = PBXBuildFile; fileRef = A54C573E265867F10031DF26 /* MovieListView.swift */; };
		A54C57422658697E0031DF26 /* AbilitiesListView.swift in Sources */ = {isa = PBXBuildFile; fileRef = A54C57412658697E0031DF26 /* AbilitiesListView.swift */; };
		A54C57452658698F0031DF26 /* ItemsListView.swift in Sources */ = {isa = PBXBuildFile; fileRef = A54C57442658698F0031DF26 /* ItemsListView.swift */; };
		A54C5748265869A30031DF26 /* LocationListView.swift in Sources */ = {isa = PBXBuildFile; fileRef = A54C5747265869A30031DF26 /* LocationListView.swift */; };
		A54C574B265869B00031DF26 /* TypeChartListView.swift in Sources */ = {isa = PBXBuildFile; fileRef = A54C574A265869B00031DF26 /* TypeChartListView.swift */; };
		A54C575026586D990031DF26 /* PokedexItemView.swift in Sources */ = {isa = PBXBuildFile; fileRef = A54C574F26586D990031DF26 /* PokedexItemView.swift */; };
		A54C57532658A1040031DF26 /* PokedexViewModel.swift in Sources */ = {isa = PBXBuildFile; fileRef = A54C57522658A1040031DF26 /* PokedexViewModel.swift */; };
		A54C57562658A1860031DF26 /* Pokedex.swift in Sources */ = {isa = PBXBuildFile; fileRef = A54C57552658A1860031DF26 /* Pokedex.swift */; };
		A554A221268256D200E31BEC /* ToastView.swift in Sources */ = {isa = PBXBuildFile; fileRef = A554A220268256D200E31BEC /* ToastView.swift */; };
		A554A22326828C7E00E31BEC /* CreditView.swift in Sources */ = {isa = PBXBuildFile; fileRef = A554A22226828C7D00E31BEC /* CreditView.swift */; };
		A5798BEF268121E600333DF4 /* Launch Screen.storyboard in Resources */ = {isa = PBXBuildFile; fileRef = A5798BEE268121E600333DF4 /* Launch Screen.storyboard */; };
		A58B39162671B97400A6D5E1 /* PokedexFilterModal.swift in Sources */ = {isa = PBXBuildFile; fileRef = A58B39152671B97400A6D5E1 /* PokedexFilterModal.swift */; };
		A5A4E2F72665A08600DE7659 /* Pokedex.json in Resources */ = {isa = PBXBuildFile; fileRef = A5A4E2F62665A08600DE7659 /* Pokedex.json */; };
		A5BC9F24265823F800CC714B /* PokedexApp.swift in Sources */ = {isa = PBXBuildFile; fileRef = A5BC9F23265823F800CC714B /* PokedexApp.swift */; };
		A5BC9F26265823F800CC714B /* HomeView.swift in Sources */ = {isa = PBXBuildFile; fileRef = A5BC9F25265823F800CC714B /* HomeView.swift */; };
		A5BC9F28265823F900CC714B /* Assets.xcassets in Resources */ = {isa = PBXBuildFile; fileRef = A5BC9F27265823F900CC714B /* Assets.xcassets */; };
		A5BC9F2B265823F900CC714B /* Preview Assets.xcassets in Resources */ = {isa = PBXBuildFile; fileRef = A5BC9F2A265823F900CC714B /* Preview Assets.xcassets */; };
		A5C778192662FC680096FBD6 /* ModelData.swift in Sources */ = {isa = PBXBuildFile; fileRef = A5C778182662FC680096FBD6 /* ModelData.swift */; };
		A5C7781C266318800096FBD6 /* PokedexAbout.swift in Sources */ = {isa = PBXBuildFile; fileRef = A5C7781B266318800096FBD6 /* PokedexAbout.swift */; };
		A5C7781F266318C30096FBD6 /* PokedexBaseStats.swift in Sources */ = {isa = PBXBuildFile; fileRef = A5C7781E266318C30096FBD6 /* PokedexBaseStats.swift */; };
		A5C77822266318EB0096FBD6 /* PokedexEvolution.swift in Sources */ = {isa = PBXBuildFile; fileRef = A5C77821266318EB0096FBD6 /* PokedexEvolution.swift */; };
		A5C77825266319140096FBD6 /* PokedexMoves.swift in Sources */ = {isa = PBXBuildFile; fileRef = A5C77824266319140096FBD6 /* PokedexMoves.swift */; };
		A5CD9DA5266052C60050161B /* PokedexItemDetail.swift in Sources */ = {isa = PBXBuildFile; fileRef = A5CD9DA4266052C60050161B /* PokedexItemDetail.swift */; };
		A5E78FF2267EB2BA00A29F0A /* ItemMenu.swift in Sources */ = {isa = PBXBuildFile; fileRef = A5E78FF1267EB2BA00A29F0A /* ItemMenu.swift */; };
		A5F6D6B6267C2F04001B37FD /* LocationItemView.swift in Sources */ = {isa = PBXBuildFile; fileRef = A5F6D6B5267C2F04001B37FD /* LocationItemView.swift */; };
		A5F6D6B8267C46C6001B37FD /* LocationMenu.swift in Sources */ = {isa = PBXBuildFile; fileRef = A5F6D6B7267C46C6001B37FD /* LocationMenu.swift */; };
/* End PBXBuildFile section */

/* Begin PBXFileReference section */
		A51C83B526794A9700CB8CCF /* TypeData.swift */ = {isa = PBXFileReference; lastKnownFileType = sourcecode.swift; path = TypeData.swift; sourceTree = "<group>"; };
		A51CB1192679A04D00151D1D /* TypeChartItems.swift */ = {isa = PBXFileReference; lastKnownFileType = sourcecode.swift; path = TypeChartItems.swift; sourceTree = "<group>"; };
		A51CB11B267A608A00151D1D /* Abilities.json */ = {isa = PBXFileReference; fileEncoding = 4; lastKnownFileType = text.json; path = Abilities.json; sourceTree = "<group>"; };
		A51CB11D267A609600151D1D /* Items.json */ = {isa = PBXFileReference; fileEncoding = 4; lastKnownFileType = text.json; path = Items.json; sourceTree = "<group>"; };
		A51CB11E267A609700151D1D /* Locations.json */ = {isa = PBXFileReference; fileEncoding = 4; lastKnownFileType = text.json; path = Locations.json; sourceTree = "<group>"; };
		A51CB121267A8BCD00151D1D /* Locations.swift */ = {isa = PBXFileReference; lastKnownFileType = sourcecode.swift; path = Locations.swift; sourceTree = "<group>"; };
		A5293D9E2676F6F9003426CE /* PokedexListItemView.swift */ = {isa = PBXFileReference; lastKnownFileType = sourcecode.swift; path = PokedexListItemView.swift; sourceTree = "<group>"; };
		A5293DA0267848DC003426CE /* TypeChart.json */ = {isa = PBXFileReference; fileEncoding = 4; lastKnownFileType = text.json; path = TypeChart.json; sourceTree = "<group>"; };
		A52F637A267D2E1300DC64CF /* Items.swift */ = {isa = PBXFileReference; lastKnownFileType = sourcecode.swift; path = Items.swift; sourceTree = "<group>"; };
		A52F637C267D442A00DC64CF /* ItemView.swift */ = {isa = PBXFileReference; lastKnownFileType = sourcecode.swift; path = ItemView.swift; sourceTree = "<group>"; };
		A52F637E267D48A200DC64CF /* Abilities.swift */ = {isa = PBXFileReference; lastKnownFileType = sourcecode.swift; path = Abilities.swift; sourceTree = "<group>"; };
		A5352792266ADD5100C14203 /* MovieItemView.swift */ = {isa = PBXFileReference; lastKnownFileType = sourcecode.swift; path = MovieItemView.swift; sourceTree = "<group>"; };
		A5352794266ADE5300C14203 /* Movies.json */ = {isa = PBXFileReference; fileEncoding = 4; lastKnownFileType = text.json; path = Movies.json; sourceTree = "<group>"; };
		A5352796266B04B300C14203 /* Movies.swift */ = {isa = PBXFileReference; lastKnownFileType = sourcecode.swift; path = Movies.swift; sourceTree = "<group>"; };
		A5352798266B0EF500C14203 /* MovieDetailView.swift */ = {isa = PBXFileReference; lastKnownFileType = sourcecode.swift; path = MovieDetailView.swift; sourceTree = "<group>"; };
		A53631FE267E81430010486B /* PokemonUnite.json */ = {isa = PBXFileReference; fileEncoding = 4; lastKnownFileType = text.json; path = PokemonUnite.json; sourceTree = "<group>"; };
		A542F7BA2665635C00F7821D /* News.swift */ = {isa = PBXFileReference; lastKnownFileType = sourcecode.swift; path = News.swift; sourceTree = "<group>"; };
		A54A397A2666ABD8008A894A /* PokedexFilter.swift */ = {isa = PBXFileReference; lastKnownFileType = sourcecode.swift; path = PokedexFilter.swift; sourceTree = "<group>"; };
		A54C573426582D980031DF26 /* MenuButtonView.swift */ = {isa = PBXFileReference; lastKnownFileType = sourcecode.swift; path = MenuButtonView.swift; sourceTree = "<group>"; };
		A54C573B265861670031DF26 /* PokedexListView.swift */ = {isa = PBXFileReference; lastKnownFileType = sourcecode.swift; path = PokedexListView.swift; sourceTree = "<group>"; };
		A54C573E265867F10031DF26 /* MovieListView.swift */ = {isa = PBXFileReference; lastKnownFileType = sourcecode.swift; path = MovieListView.swift; sourceTree = "<group>"; };
		A54C57412658697E0031DF26 /* AbilitiesListView.swift */ = {isa = PBXFileReference; lastKnownFileType = sourcecode.swift; path = AbilitiesListView.swift; sourceTree = "<group>"; };
		A54C57442658698F0031DF26 /* ItemsListView.swift */ = {isa = PBXFileReference; lastKnownFileType = sourcecode.swift; path = ItemsListView.swift; sourceTree = "<group>"; };
		A54C5747265869A30031DF26 /* LocationListView.swift */ = {isa = PBXFileReference; lastKnownFileType = sourcecode.swift; path = LocationListView.swift; sourceTree = "<group>"; };
		A54C574A265869B00031DF26 /* TypeChartListView.swift */ = {isa = PBXFileReference; lastKnownFileType = sourcecode.swift; path = TypeChartListView.swift; sourceTree = "<group>"; };
		A54C574F26586D990031DF26 /* PokedexItemView.swift */ = {isa = PBXFileReference; lastKnownFileType = sourcecode.swift; path = PokedexItemView.swift; sourceTree = "<group>"; };
		A54C57522658A1040031DF26 /* PokedexViewModel.swift */ = {isa = PBXFileReference; lastKnownFileType = sourcecode.swift; path = PokedexViewModel.swift; sourceTree = "<group>"; };
		A54C57552658A1860031DF26 /* Pokedex.swift */ = {isa = PBXFileReference; lastKnownFileType = sourcecode.swift; path = Pokedex.swift; sourceTree = "<group>"; };
		A554A220268256D200E31BEC /* ToastView.swift */ = {isa = PBXFileReference; lastKnownFileType = sourcecode.swift; path = ToastView.swift; sourceTree = "<group>"; };
		A554A22226828C7D00E31BEC /* CreditView.swift */ = {isa = PBXFileReference; lastKnownFileType = sourcecode.swift; path = CreditView.swift; sourceTree = "<group>"; };
		A5798BEE268121E600333DF4 /* Launch Screen.storyboard */ = {isa = PBXFileReference; lastKnownFileType = file.storyboard; path = "Launch Screen.storyboard"; sourceTree = "<group>"; };
		A58B39152671B97400A6D5E1 /* PokedexFilterModal.swift */ = {isa = PBXFileReference; lastKnownFileType = sourcecode.swift; path = PokedexFilterModal.swift; sourceTree = "<group>"; };
		A5A4E2F62665A08600DE7659 /* Pokedex.json */ = {isa = PBXFileReference; fileEncoding = 4; lastKnownFileType = text.json; path = Pokedex.json; sourceTree = "<group>"; };
		A5BC9F20265823F800CC714B /* Pokedex.app */ = {isa = PBXFileReference; explicitFileType = wrapper.application; includeInIndex = 0; path = Pokedex.app; sourceTree = BUILT_PRODUCTS_DIR; };
		A5BC9F23265823F800CC714B /* PokedexApp.swift */ = {isa = PBXFileReference; lastKnownFileType = sourcecode.swift; path = PokedexApp.swift; sourceTree = "<group>"; };
		A5BC9F25265823F800CC714B /* HomeView.swift */ = {isa = PBXFileReference; lastKnownFileType = sourcecode.swift; path = HomeView.swift; sourceTree = "<group>"; };
		A5BC9F27265823F900CC714B /* Assets.xcassets */ = {isa = PBXFileReference; lastKnownFileType = folder.assetcatalog; path = Assets.xcassets; sourceTree = "<group>"; };
		A5BC9F2A265823F900CC714B /* Preview Assets.xcassets */ = {isa = PBXFileReference; lastKnownFileType = folder.assetcatalog; path = "Preview Assets.xcassets"; sourceTree = "<group>"; };
		A5BC9F31265823F900CC714B /* Info.plist */ = {isa = PBXFileReference; lastKnownFileType = text.plist.xml; path = Info.plist; sourceTree = "<group>"; };
		A5C778182662FC680096FBD6 /* ModelData.swift */ = {isa = PBXFileReference; lastKnownFileType = sourcecode.swift; path = ModelData.swift; sourceTree = "<group>"; };
		A5C7781B266318800096FBD6 /* PokedexAbout.swift */ = {isa = PBXFileReference; lastKnownFileType = sourcecode.swift; path = PokedexAbout.swift; sourceTree = "<group>"; };
		A5C7781E266318C30096FBD6 /* PokedexBaseStats.swift */ = {isa = PBXFileReference; lastKnownFileType = sourcecode.swift; path = PokedexBaseStats.swift; sourceTree = "<group>"; };
		A5C77821266318EB0096FBD6 /* PokedexEvolution.swift */ = {isa = PBXFileReference; lastKnownFileType = sourcecode.swift; path = PokedexEvolution.swift; sourceTree = "<group>"; };
		A5C77824266319140096FBD6 /* PokedexMoves.swift */ = {isa = PBXFileReference; lastKnownFileType = sourcecode.swift; path = PokedexMoves.swift; sourceTree = "<group>"; };
		A5CD9DA4266052C60050161B /* PokedexItemDetail.swift */ = {isa = PBXFileReference; lastKnownFileType = sourcecode.swift; path = PokedexItemDetail.swift; sourceTree = "<group>"; };
		A5E78FF1267EB2BA00A29F0A /* ItemMenu.swift */ = {isa = PBXFileReference; lastKnownFileType = sourcecode.swift; path = ItemMenu.swift; sourceTree = "<group>"; };
		A5F6D6B5267C2F04001B37FD /* LocationItemView.swift */ = {isa = PBXFileReference; lastKnownFileType = sourcecode.swift; path = LocationItemView.swift; sourceTree = "<group>"; };
		A5F6D6B7267C46C6001B37FD /* LocationMenu.swift */ = {isa = PBXFileReference; lastKnownFileType = sourcecode.swift; path = LocationMenu.swift; sourceTree = "<group>"; };
/* End PBXFileReference section */

/* Begin PBXFrameworksBuildPhase section */
		A5BC9F1D265823F800CC714B /* Frameworks */ = {
			isa = PBXFrameworksBuildPhase;
			buildActionMask = 2147483647;
			files = (
			);
			runOnlyForDeploymentPostprocessing = 0;
		};
/* End PBXFrameworksBuildPhase section */

/* Begin PBXGroup section */
		A5363200267E81510010486B /* JSON */ = {
			isa = PBXGroup;
			children = (
				A51CB11B267A608A00151D1D /* Abilities.json */,
				A51CB11D267A609600151D1D /* Items.json */,
				A51CB11E267A609700151D1D /* Locations.json */,
				A5352794266ADE5300C14203 /* Movies.json */,
				A5A4E2F62665A08600DE7659 /* Pokedex.json */,
				A53631FE267E81430010486B /* PokemonUnite.json */,
				A5293DA0267848DC003426CE /* TypeChart.json */,
			);
			path = JSON;
			sourceTree = "<group>";
		};
		A5AF65F52660512100D30C8C /* Pokedex */ = {
			isa = PBXGroup;
			children = (
				A54C573B265861670031DF26 /* PokedexListView.swift */,
				A54A397A2666ABD8008A894A /* PokedexFilter.swift */,
				A58B39152671B97400A6D5E1 /* PokedexFilterModal.swift */,
				A54C574F26586D990031DF26 /* PokedexItemView.swift */,
				A5CD9DA4266052C60050161B /* PokedexItemDetail.swift */,
				A5C77824266319140096FBD6 /* PokedexMoves.swift */,
				A5C77821266318EB0096FBD6 /* PokedexEvolution.swift */,
				A5C7781E266318C30096FBD6 /* PokedexBaseStats.swift */,
				A5C7781B266318800096FBD6 /* PokedexAbout.swift */,
				A5293D9E2676F6F9003426CE /* PokedexListItemView.swift */,
			);
			path = Pokedex;
			sourceTree = "<group>";
		};
		A5BC9F17265823F800CC714B = {
			isa = PBXGroup;
			children = (
				A5BC9F22265823F800CC714B /* Pokedex */,
				A5BC9F21265823F800CC714B /* Products */,
			);
			sourceTree = "<group>";
		};
		A5BC9F21265823F800CC714B /* Products */ = {
			isa = PBXGroup;
			children = (
				A5BC9F20265823F800CC714B /* Pokedex.app */,
			);
			name = Products;
			sourceTree = "<group>";
		};
		A5BC9F22265823F800CC714B /* Pokedex */ = {
			isa = PBXGroup;
			children = (
				A5BC9F23265823F800CC714B /* PokedexApp.swift */,
				A5798BEE268121E600333DF4 /* Launch Screen.storyboard */,
				A5BC9F392658241C00CC714B /* Models */,
				A5BC9F382658240B00CC714B /* Views */,
				A5BC9F3A2658242400CC714B /* View Models */,
				A5BC9F27265823F900CC714B /* Assets.xcassets */,
				A5BC9F31265823F900CC714B /* Info.plist */,
				A5BC9F29265823F900CC714B /* Preview Content */,
			);
			path = Pokedex;
			sourceTree = "<group>";
		};
		A5BC9F29265823F900CC714B /* Preview Content */ = {
			isa = PBXGroup;
			children = (
				A5BC9F2A265823F900CC714B /* Preview Assets.xcassets */,
			);
			path = "Preview Content";
			sourceTree = "<group>";
		};
		A5BC9F382658240B00CC714B /* Views */ = {
			isa = PBXGroup;
			children = (
				A5CD9D9C2660517E0050161B /* Home */,
				A5AF65F52660512100D30C8C /* Pokedex */,
				A5CD9D9A266051610050161B /* Movies */,
				A5CD9D9B2660516E0050161B /* Abilities */,
				A5CD9DA0266051CE0050161B /* Items */,
				A5CD9D9E266051890050161B /* Locations */,
				A5CD9DA1266051D90050161B /* Type Charts */,
				A554A220268256D200E31BEC /* ToastView.swift */,
			);
			path = Views;
			sourceTree = "<group>";
		};
		A5BC9F392658241C00CC714B /* Models */ = {
			isa = PBXGroup;
			children = (
				A5363200267E81510010486B /* JSON */,
				A52F637E267D48A200DC64CF /* Abilities.swift */,
				A52F637A267D2E1300DC64CF /* Items.swift */,
				A51CB121267A8BCD00151D1D /* Locations.swift */,
				A5C778182662FC680096FBD6 /* ModelData.swift */,
				A5352796266B04B300C14203 /* Movies.swift */,
				A542F7BA2665635C00F7821D /* News.swift */,
				A54C57552658A1860031DF26 /* Pokedex.swift */,
				A51C83B526794A9700CB8CCF /* TypeData.swift */,
			);
			path = Models;
			sourceTree = "<group>";
		};
		A5BC9F3A2658242400CC714B /* View Models */ = {
			isa = PBXGroup;
			children = (
				A54C57522658A1040031DF26 /* PokedexViewModel.swift */,
			);
			path = "View Models";
			sourceTree = "<group>";
		};
		A5CD9D9A266051610050161B /* Movies */ = {
			isa = PBXGroup;
			children = (
				A54C573E265867F10031DF26 /* MovieListView.swift */,
				A5352792266ADD5100C14203 /* MovieItemView.swift */,
				A5352798266B0EF500C14203 /* MovieDetailView.swift */,
			);
			path = Movies;
			sourceTree = "<group>";
		};
		A5CD9D9B2660516E0050161B /* Abilities */ = {
			isa = PBXGroup;
			children = (
				A54C57412658697E0031DF26 /* AbilitiesListView.swift */,
			);
			path = Abilities;
			sourceTree = "<group>";
		};
		A5CD9D9C2660517E0050161B /* Home */ = {
			isa = PBXGroup;
			children = (
				A5BC9F25265823F800CC714B /* HomeView.swift */,
				A54C573426582D980031DF26 /* MenuButtonView.swift */,
				A554A22226828C7D00E31BEC /* CreditView.swift */,
			);
			path = Home;
			sourceTree = "<group>";
		};
		A5CD9D9E266051890050161B /* Locations */ = {
			isa = PBXGroup;
			children = (
				A54C5747265869A30031DF26 /* LocationListView.swift */,
				A5F6D6B5267C2F04001B37FD /* LocationItemView.swift */,
				A5F6D6B7267C46C6001B37FD /* LocationMenu.swift */,
			);
			path = Locations;
			sourceTree = "<group>";
		};
		A5CD9DA0266051CE0050161B /* Items */ = {
			isa = PBXGroup;
			children = (
				A54C57442658698F0031DF26 /* ItemsListView.swift */,
				A5E78FF1267EB2BA00A29F0A /* ItemMenu.swift */,
				A52F637C267D442A00DC64CF /* ItemView.swift */,
			);
			path = Items;
			sourceTree = "<group>";
		};
		A5CD9DA1266051D90050161B /* Type Charts */ = {
			isa = PBXGroup;
			children = (
				A54C574A265869B00031DF26 /* TypeChartListView.swift */,
				A51CB1192679A04D00151D1D /* TypeChartItems.swift */,
			);
			path = "Type Charts";
			sourceTree = "<group>";
		};
/* End PBXGroup section */

/* Begin PBXNativeTarget section */
		A5BC9F1F265823F800CC714B /* Pokedex */ = {
			isa = PBXNativeTarget;
			buildConfigurationList = A5BC9F34265823F900CC714B /* Build configuration list for PBXNativeTarget "Pokedex" */;
			buildPhases = (
				A5BC9F1C265823F800CC714B /* Sources */,
				A5BC9F1D265823F800CC714B /* Frameworks */,
				A5BC9F1E265823F800CC714B /* Resources */,
			);
			buildRules = (
			);
			dependencies = (
			);
			name = Pokedex;
			productName = Pokedex;
			productReference = A5BC9F20265823F800CC714B /* Pokedex.app */;
			productType = "com.apple.product-type.application";
		};
/* End PBXNativeTarget section */

/* Begin PBXProject section */
		A5BC9F18265823F800CC714B /* Project object */ = {
			isa = PBXProject;
			attributes = {
				LastSwiftUpdateCheck = 1240;
				LastUpgradeCheck = 1240;
				TargetAttributes = {
					A5BC9F1F265823F800CC714B = {
						CreatedOnToolsVersion = 12.4;
					};
				};
			};
			buildConfigurationList = A5BC9F1B265823F800CC714B /* Build configuration list for PBXProject "Pokedex" */;
			compatibilityVersion = "Xcode 9.3";
			developmentRegion = en;
			hasScannedForEncodings = 0;
			knownRegions = (
				en,
				Base,
			);
			mainGroup = A5BC9F17265823F800CC714B;
			productRefGroup = A5BC9F21265823F800CC714B /* Products */;
			projectDirPath = "";
			projectRoot = "";
			targets = (
				A5BC9F1F265823F800CC714B /* Pokedex */,
			);
		};
/* End PBXProject section */

/* Begin PBXResourcesBuildPhase section */
		A5BC9F1E265823F800CC714B /* Resources */ = {
			isa = PBXResourcesBuildPhase;
			buildActionMask = 2147483647;
			files = (
				A51CB11C267A608A00151D1D /* Abilities.json in Resources */,
				A5BC9F2B265823F900CC714B /* Preview Assets.xcassets in Resources */,
				A51CB120267A609700151D1D /* Locations.json in Resources */,
				A5BC9F28265823F900CC714B /* Assets.xcassets in Resources */,
				A5352795266ADE5300C14203 /* Movies.json in Resources */,
				A51CB11F267A609700151D1D /* Items.json in Resources */,
				A5293DA1267848DC003426CE /* TypeChart.json in Resources */,
				A53631FF267E81430010486B /* PokemonUnite.json in Resources */,
				A5798BEF268121E600333DF4 /* Launch Screen.storyboard in Resources */,
				A5A4E2F72665A08600DE7659 /* Pokedex.json in Resources */,
			);
			runOnlyForDeploymentPostprocessing = 0;
		};
/* End PBXResourcesBuildPhase section */

/* Begin PBXSourcesBuildPhase section */
		A5BC9F1C265823F800CC714B /* Sources */ = {
			isa = PBXSourcesBuildPhase;
			buildActionMask = 2147483647;
			files = (
				A54C5748265869A30031DF26 /* LocationListView.swift in Sources */,
				A554A22326828C7E00E31BEC /* CreditView.swift in Sources */,
				A54C57562658A1860031DF26 /* Pokedex.swift in Sources */,
				A5C778192662FC680096FBD6 /* ModelData.swift in Sources */,
				A5C7781F266318C30096FBD6 /* PokedexBaseStats.swift in Sources */,
				A54C574B265869B00031DF26 /* TypeChartListView.swift in Sources */,
				A54C575026586D990031DF26 /* PokedexItemView.swift in Sources */,
				A5C77825266319140096FBD6 /* PokedexMoves.swift in Sources */,
				A54C573526582D980031DF26 /* MenuButtonView.swift in Sources */,
				A51CB11A2679A04D00151D1D /* TypeChartItems.swift in Sources */,
				A54C573C265861670031DF26 /* PokedexListView.swift in Sources */,
				A51CB122267A8BCD00151D1D /* Locations.swift in Sources */,
				A5E78FF2267EB2BA00A29F0A /* ItemMenu.swift in Sources */,
				A5BC9F26265823F800CC714B /* HomeView.swift in Sources */,
				A5C7781C266318800096FBD6 /* PokedexAbout.swift in Sources */,
				A5F6D6B8267C46C6001B37FD /* LocationMenu.swift in Sources */,
				A54C57422658697E0031DF26 /* AbilitiesListView.swift in Sources */,
				A5352797266B04B300C14203 /* Movies.swift in Sources */,
				A51C83B626794A9700CB8CCF /* TypeData.swift in Sources */,
				A54C573F265867F10031DF26 /* MovieListView.swift in Sources */,
				A58B39162671B97400A6D5E1 /* PokedexFilterModal.swift in Sources */,
				A52F637D267D442A00DC64CF /* ItemView.swift in Sources */,
				A5C77822266318EB0096FBD6 /* PokedexEvolution.swift in Sources */,
				A52F637B267D2E1400DC64CF /* Items.swift in Sources */,
				A5352793266ADD5100C14203 /* MovieItemView.swift in Sources */,
				A52F637F267D48A200DC64CF /* Abilities.swift in Sources */,
				A5F6D6B6267C2F04001B37FD /* LocationItemView.swift in Sources */,
				A5CD9DA5266052C60050161B /* PokedexItemDetail.swift in Sources */,
				A5293D9F2676F6F9003426CE /* PokedexListItemView.swift in Sources */,
				A54C57532658A1040031DF26 /* PokedexViewModel.swift in Sources */,
				A554A221268256D200E31BEC /* ToastView.swift in Sources */,
				A54A397B2666ABD8008A894A /* PokedexFilter.swift in Sources */,
				A5BC9F24265823F800CC714B /* PokedexApp.swift in Sources */,
				A5352799266B0EF500C14203 /* MovieDetailView.swift in Sources */,
				A542F7BB2665635C00F7821D /* News.swift in Sources */,
				A54C57452658698F0031DF26 /* ItemsListView.swift in Sources */,
			);
			runOnlyForDeploymentPostprocessing = 0;
		};
/* End PBXSourcesBuildPhase section */

/* Begin XCBuildConfiguration section */
		A5BC9F32265823F900CC714B /* Debug */ = {
			isa = XCBuildConfiguration;
			buildSettings = {
				ALWAYS_SEARCH_USER_PATHS = NO;
				CLANG_ANALYZER_NONNULL = YES;
				CLANG_ANALYZER_NUMBER_OBJECT_CONVERSION = YES_AGGRESSIVE;
				CLANG_CXX_LANGUAGE_STANDARD = "gnu++14";
				CLANG_CXX_LIBRARY = "libc++";
				CLANG_ENABLE_MODULES = YES;
				CLANG_ENABLE_OBJC_ARC = YES;
				CLANG_ENABLE_OBJC_WEAK = YES;
				CLANG_WARN_BLOCK_CAPTURE_AUTORELEASING = YES;
				CLANG_WARN_BOOL_CONVERSION = YES;
				CLANG_WARN_COMMA = YES;
				CLANG_WARN_CONSTANT_CONVERSION = YES;
				CLANG_WARN_DEPRECATED_OBJC_IMPLEMENTATIONS = YES;
				CLANG_WARN_DIRECT_OBJC_ISA_USAGE = YES_ERROR;
				CLANG_WARN_DOCUMENTATION_COMMENTS = YES;
				CLANG_WARN_EMPTY_BODY = YES;
				CLANG_WARN_ENUM_CONVERSION = YES;
				CLANG_WARN_INFINITE_RECURSION = YES;
				CLANG_WARN_INT_CONVERSION = YES;
				CLANG_WARN_NON_LITERAL_NULL_CONVERSION = YES;
				CLANG_WARN_OBJC_IMPLICIT_RETAIN_SELF = YES;
				CLANG_WARN_OBJC_LITERAL_CONVERSION = YES;
				CLANG_WARN_OBJC_ROOT_CLASS = YES_ERROR;
				CLANG_WARN_QUOTED_INCLUDE_IN_FRAMEWORK_HEADER = YES;
				CLANG_WARN_RANGE_LOOP_ANALYSIS = YES;
				CLANG_WARN_STRICT_PROTOTYPES = YES;
				CLANG_WARN_SUSPICIOUS_MOVE = YES;
				CLANG_WARN_UNGUARDED_AVAILABILITY = YES_AGGRESSIVE;
				CLANG_WARN_UNREACHABLE_CODE = YES;
				CLANG_WARN__DUPLICATE_METHOD_MATCH = YES;
				COPY_PHASE_STRIP = NO;
				DEBUG_INFORMATION_FORMAT = dwarf;
				ENABLE_STRICT_OBJC_MSGSEND = YES;
				ENABLE_TESTABILITY = YES;
				GCC_C_LANGUAGE_STANDARD = gnu11;
				GCC_DYNAMIC_NO_PIC = NO;
				GCC_NO_COMMON_BLOCKS = YES;
				GCC_OPTIMIZATION_LEVEL = 0;
				GCC_PREPROCESSOR_DEFINITIONS = (
					"DEBUG=1",
					"$(inherited)",
				);
				GCC_WARN_64_TO_32_BIT_CONVERSION = YES;
				GCC_WARN_ABOUT_RETURN_TYPE = YES_ERROR;
				GCC_WARN_UNDECLARED_SELECTOR = YES;
				GCC_WARN_UNINITIALIZED_AUTOS = YES_AGGRESSIVE;
				GCC_WARN_UNUSED_FUNCTION = YES;
				GCC_WARN_UNUSED_VARIABLE = YES;
				IPHONEOS_DEPLOYMENT_TARGET = 14.4;
				MTL_ENABLE_DEBUG_INFO = INCLUDE_SOURCE;
				MTL_FAST_MATH = YES;
				ONLY_ACTIVE_ARCH = YES;
				SDKROOT = iphoneos;
				SWIFT_ACTIVE_COMPILATION_CONDITIONS = DEBUG;
				SWIFT_OPTIMIZATION_LEVEL = "-Onone";
			};
			name = Debug;
		};
		A5BC9F33265823F900CC714B /* Release */ = {
			isa = XCBuildConfiguration;
			buildSettings = {
				ALWAYS_SEARCH_USER_PATHS = NO;
				CLANG_ANALYZER_NONNULL = YES;
				CLANG_ANALYZER_NUMBER_OBJECT_CONVERSION = YES_AGGRESSIVE;
				CLANG_CXX_LANGUAGE_STANDARD = "gnu++14";
				CLANG_CXX_LIBRARY = "libc++";
				CLANG_ENABLE_MODULES = YES;
				CLANG_ENABLE_OBJC_ARC = YES;
				CLANG_ENABLE_OBJC_WEAK = YES;
				CLANG_WARN_BLOCK_CAPTURE_AUTORELEASING = YES;
				CLANG_WARN_BOOL_CONVERSION = YES;
				CLANG_WARN_COMMA = YES;
				CLANG_WARN_CONSTANT_CONVERSION = YES;
				CLANG_WARN_DEPRECATED_OBJC_IMPLEMENTATIONS = YES;
				CLANG_WARN_DIRECT_OBJC_ISA_USAGE = YES_ERROR;
				CLANG_WARN_DOCUMENTATION_COMMENTS = YES;
				CLANG_WARN_EMPTY_BODY = YES;
				CLANG_WARN_ENUM_CONVERSION = YES;
				CLANG_WARN_INFINITE_RECURSION = YES;
				CLANG_WARN_INT_CONVERSION = YES;
				CLANG_WARN_NON_LITERAL_NULL_CONVERSION = YES;
				CLANG_WARN_OBJC_IMPLICIT_RETAIN_SELF = YES;
				CLANG_WARN_OBJC_LITERAL_CONVERSION = YES;
				CLANG_WARN_OBJC_ROOT_CLASS = YES_ERROR;
				CLANG_WARN_QUOTED_INCLUDE_IN_FRAMEWORK_HEADER = YES;
				CLANG_WARN_RANGE_LOOP_ANALYSIS = YES;
				CLANG_WARN_STRICT_PROTOTYPES = YES;
				CLANG_WARN_SUSPICIOUS_MOVE = YES;
				CLANG_WARN_UNGUARDED_AVAILABILITY = YES_AGGRESSIVE;
				CLANG_WARN_UNREACHABLE_CODE = YES;
				CLANG_WARN__DUPLICATE_METHOD_MATCH = YES;
				COPY_PHASE_STRIP = NO;
				DEBUG_INFORMATION_FORMAT = "dwarf-with-dsym";
				ENABLE_NS_ASSERTIONS = NO;
				ENABLE_STRICT_OBJC_MSGSEND = YES;
				GCC_C_LANGUAGE_STANDARD = gnu11;
				GCC_NO_COMMON_BLOCKS = YES;
				GCC_WARN_64_TO_32_BIT_CONVERSION = YES;
				GCC_WARN_ABOUT_RETURN_TYPE = YES_ERROR;
				GCC_WARN_UNDECLARED_SELECTOR = YES;
				GCC_WARN_UNINITIALIZED_AUTOS = YES_AGGRESSIVE;
				GCC_WARN_UNUSED_FUNCTION = YES;
				GCC_WARN_UNUSED_VARIABLE = YES;
				IPHONEOS_DEPLOYMENT_TARGET = 14.4;
				MTL_ENABLE_DEBUG_INFO = NO;
				MTL_FAST_MATH = YES;
				SDKROOT = iphoneos;
				SWIFT_COMPILATION_MODE = wholemodule;
				SWIFT_OPTIMIZATION_LEVEL = "-O";
				VALIDATE_PRODUCT = YES;
			};
			name = Release;
		};
		A5BC9F35265823F900CC714B /* Debug */ = {
			isa = XCBuildConfiguration;
			buildSettings = {
				ASSETCATALOG_COMPILER_APPICON_NAME = AppIcon;
				ASSETCATALOG_COMPILER_GLOBAL_ACCENT_COLOR_NAME = AccentColor;
				CODE_SIGN_STYLE = Automatic;
				DEVELOPMENT_ASSET_PATHS = "\"Pokedex/Preview Content\"";
				DEVELOPMENT_TEAM = XA3V332WNJ;
				ENABLE_PREVIEWS = YES;
				INFOPLIST_FILE = Pokedex/Info.plist;
				IPHONEOS_DEPLOYMENT_TARGET = 14.0;
				LD_RUNPATH_SEARCH_PATHS = (
					"$(inherited)",
					"@executable_path/Frameworks",
				);
				PRODUCT_BUNDLE_IDENTIFIER = com.chrisconner5.Pokedex;
				PRODUCT_NAME = "$(TARGET_NAME)";
				SWIFT_VERSION = 5.0;
				TARGETED_DEVICE_FAMILY = 1;
			};
			name = Debug;
		};
		A5BC9F36265823F900CC714B /* Release */ = {
			isa = XCBuildConfiguration;
			buildSettings = {
				ASSETCATALOG_COMPILER_APPICON_NAME = AppIcon;
				ASSETCATALOG_COMPILER_GLOBAL_ACCENT_COLOR_NAME = AccentColor;
				CODE_SIGN_STYLE = Automatic;
				DEVELOPMENT_ASSET_PATHS = "\"Pokedex/Preview Content\"";
				DEVELOPMENT_TEAM = XA3V332WNJ;
				ENABLE_PREVIEWS = YES;
				INFOPLIST_FILE = Pokedex/Info.plist;
				IPHONEOS_DEPLOYMENT_TARGET = 14.0;
				LD_RUNPATH_SEARCH_PATHS = (
					"$(inherited)",
					"@executable_path/Frameworks",
				);
				PRODUCT_BUNDLE_IDENTIFIER = com.chrisconner5.Pokedex;
				PRODUCT_NAME = "$(TARGET_NAME)";
				SWIFT_VERSION = 5.0;
				TARGETED_DEVICE_FAMILY = 1;
			};
			name = Release;
		};
/* End XCBuildConfiguration section */

/* Begin XCConfigurationList section */
		A5BC9F1B265823F800CC714B /* Build configuration list for PBXProject "Pokedex" */ = {
			isa = XCConfigurationList;
			buildConfigurations = (
				A5BC9F32265823F900CC714B /* Debug */,
				A5BC9F33265823F900CC714B /* Release */,
			);
			defaultConfigurationIsVisible = 0;
			defaultConfigurationName = Release;
		};
		A5BC9F34265823F900CC714B /* Build configuration list for PBXNativeTarget "Pokedex" */ = {
			isa = XCConfigurationList;
			buildConfigurations = (
				A5BC9F35265823F900CC714B /* Debug */,
				A5BC9F36265823F900CC714B /* Release */,
			);
			defaultConfigurationIsVisible = 0;
			defaultConfigurationName = Release;
		};
/* End XCConfigurationList section */
	};
	rootObject = A5BC9F18265823F800CC714B /* Project object */;
}
